// !$*UTF8*$!
{
	archiveVersion = 1;
	classes = {
	};
	objectVersion = 50;
	objects = {

/* Begin PBXBuildFile section */
		9FD3CF412176699C00672BBE /* AppDelegate.swift in Sources */ = {isa = PBXBuildFile; fileRef = 9FD3CF402176699C00672BBE /* AppDelegate.swift */; };
		9FD3CF432176699C00672BBE /* ViewController.swift in Sources */ = {isa = PBXBuildFile; fileRef = 9FD3CF422176699C00672BBE /* ViewController.swift */; };
		9FD3CF462176699C00672BBE /* Main.storyboard in Resources */ = {isa = PBXBuildFile; fileRef = 9FD3CF442176699C00672BBE /* Main.storyboard */; };
		9FD3CF482176699D00672BBE /* Assets.xcassets in Resources */ = {isa = PBXBuildFile; fileRef = 9FD3CF472176699D00672BBE /* Assets.xcassets */; };
		9FD3CF4B2176699D00672BBE /* LaunchScreen.storyboard in Resources */ = {isa = PBXBuildFile; fileRef = 9FD3CF492176699D00672BBE /* LaunchScreen.storyboard */; };
		9FD3CF562176699D00672BBE /* SampleCodeTests.swift in Sources */ = {isa = PBXBuildFile; fileRef = 9FD3CF552176699D00672BBE /* SampleCodeTests.swift */; };
/* End PBXBuildFile section */

/* Begin PBXContainerItemProxy section */
		9FD3CF522176699D00672BBE /* PBXContainerItemProxy */ = {
			isa = PBXContainerItemProxy;
			containerPortal = 9FD3CF352176699C00672BBE /* Project object */;
			proxyType = 1;
			remoteGlobalIDString = 9FD3CF3C2176699C00672BBE;
			remoteInfo = SampleCode;
		};
/* End PBXContainerItemProxy section */

/* Begin PBXFileReference section */
		9FD3CF3D2176699C00672BBE /* SampleCode.app */ = {isa = PBXFileReference; explicitFileType = wrapper.application; includeInIndex = 0; path = SampleCode.app; sourceTree = BUILT_PRODUCTS_DIR; };
		9FD3CF402176699C00672BBE /* AppDelegate.swift */ = {isa = PBXFileReference; lastKnownFileType = sourcecode.swift; path = AppDelegate.swift; sourceTree = "<group>"; };
		9FD3CF422176699C00672BBE /* ViewController.swift */ = {isa = PBXFileReference; lastKnownFileType = sourcecode.swift; path = ViewController.swift; sourceTree = "<group>"; };
		9FD3CF452176699C00672BBE /* Base */ = {isa = PBXFileReference; lastKnownFileType = file.storyboard; name = Base; path = Base.lproj/Main.storyboard; sourceTree = "<group>"; };
		9FD3CF472176699D00672BBE /* Assets.xcassets */ = {isa = PBXFileReference; lastKnownFileType = folder.assetcatalog; path = Assets.xcassets; sourceTree = "<group>"; };
		9FD3CF4A2176699D00672BBE /* Base */ = {isa = PBXFileReference; lastKnownFileType = file.storyboard; name = Base; path = Base.lproj/LaunchScreen.storyboard; sourceTree = "<group>"; };
		9FD3CF4C2176699D00672BBE /* Info.plist */ = {isa = PBXFileReference; lastKnownFileType = text.plist.xml; path = Info.plist; sourceTree = "<group>"; };
		9FD3CF512176699D00672BBE /* SampleCodeTests.xctest */ = {isa = PBXFileReference; explicitFileType = wrapper.cfbundle; includeInIndex = 0; path = SampleCodeTests.xctest; sourceTree = BUILT_PRODUCTS_DIR; };
		9FD3CF552176699D00672BBE /* SampleCodeTests.swift */ = {isa = PBXFileReference; lastKnownFileType = sourcecode.swift; path = SampleCodeTests.swift; sourceTree = "<group>"; };
		9FD3CF572176699D00672BBE /* Info.plist */ = {isa = PBXFileReference; lastKnownFileType = text.plist.xml; path = Info.plist; sourceTree = "<group>"; };
/* End PBXFileReference section */

/* Begin PBXFrameworksBuildPhase section */
		9FD3CF3A2176699C00672BBE /* Frameworks */ = {
			isa = PBXFrameworksBuildPhase;
			buildActionMask = 2147483647;
			files = (
			);
			runOnlyForDeploymentPostprocessing = 0;
		};
		9FD3CF4E2176699D00672BBE /* Frameworks */ = {
			isa = PBXFrameworksBuildPhase;
			buildActionMask = 2147483647;
			files = (
			);
			runOnlyForDeploymentPostprocessing = 0;
		};
/* End PBXFrameworksBuildPhase section */

/* Begin PBXGroup section */
		9FD3CF342176699C00672BBE = {
			isa = PBXGroup;
			children = (
				9FD3CF3F2176699C00672BBE /* SampleCode */,
				9FD3CF542176699D00672BBE /* SampleCodeTests */,
				9FD3CF3E2176699C00672BBE /* Products */,
			);
			sourceTree = "<group>";
		};
		9FD3CF3E2176699C00672BBE /* Products */ = {
			isa = PBXGroup;
			children = (
				9FD3CF3D2176699C00672BBE /* SampleCode.app */,
				9FD3CF512176699D00672BBE /* SampleCodeTests.xctest */,
			);
			name = Products;
			sourceTree = "<group>";
		};
		9FD3CF3F2176699C00672BBE /* SampleCode */ = {
			isa = PBXGroup;
			children = (
				9FD3CF402176699C00672BBE /* AppDelegate.swift */,
				9FD3CF422176699C00672BBE /* ViewController.swift */,
				9FD3CF442176699C00672BBE /* Main.storyboard */,
				9FD3CF472176699D00672BBE /* Assets.xcassets */,
				9FD3CF492176699D00672BBE /* LaunchScreen.storyboard */,
				9FD3CF4C2176699D00672BBE /* Info.plist */,
			);
			path = SampleCode;
			sourceTree = "<group>";
		};
		9FD3CF542176699D00672BBE /* SampleCodeTests */ = {
			isa = PBXGroup;
			children = (
				9FD3CF552176699D00672BBE /* SampleCodeTests.swift */,
				9FD3CF572176699D00672BBE /* Info.plist */,
			);
			path = SampleCodeTests;
			sourceTree = "<group>";
		};
/* End PBXGroup section */

/* Begin PBXNativeTarget section */
		9FD3CF3C2176699C00672BBE /* SampleCode */ = {
			isa = PBXNativeTarget;
			buildConfigurationList = 9FD3CF5A2176699D00672BBE /* Build configuration list for PBXNativeTarget "SampleCode" */;
			buildPhases = (
				9FD3CF392176699C00672BBE /* Sources */,
				9FD3CF3A2176699C00672BBE /* Frameworks */,
				9FD3CF3B2176699C00672BBE /* Resources */,
			);
			buildRules = (
			);
			dependencies = (
			);
			name = SampleCode;
			productName = SampleCode;
			productReference = 9FD3CF3D2176699C00672BBE /* SampleCode.app */;
			productType = "com.apple.product-type.application";
		};
		9FD3CF502176699D00672BBE /* SampleCodeTests */ = {
			isa = PBXNativeTarget;
			buildConfigurationList = 9FD3CF5D2176699D00672BBE /* Build configuration list for PBXNativeTarget "SampleCodeTests" */;
			buildPhases = (
				9FD3CF4D2176699D00672BBE /* Sources */,
				9FD3CF4E2176699D00672BBE /* Frameworks */,
				9FD3CF4F2176699D00672BBE /* Resources */,
			);
			buildRules = (
			);
			dependencies = (
				9FD3CF532176699D00672BBE /* PBXTargetDependency */,
			);
			name = SampleCodeTests;
			productName = SampleCodeTests;
			productReference = 9FD3CF512176699D00672BBE /* SampleCodeTests.xctest */;
			productType = "com.apple.product-type.bundle.unit-test";
		};
/* End PBXNativeTarget section */

/* Begin PBXProject section */
		9FD3CF352176699C00672BBE /* Project object */ = {
			isa = PBXProject;
			attributes = {
				LastSwiftUpdateCheck = 0940;
				LastUpgradeCheck = 0940;
				ORGANIZATIONNAME = Hasan;
				TargetAttributes = {
					9FD3CF3C2176699C00672BBE = {
						CreatedOnToolsVersion = 9.4.1;
					};
					9FD3CF502176699D00672BBE = {
						CreatedOnToolsVersion = 9.4.1;
						TestTargetID = 9FD3CF3C2176699C00672BBE;
					};
				};
			};
			buildConfigurationList = 9FD3CF382176699C00672BBE /* Build configuration list for PBXProject "SampleCode" */;
			compatibilityVersion = "Xcode 9.3";
			developmentRegion = en;
			hasScannedForEncodings = 0;
			knownRegions = (
				en,
				Base,
			);
			mainGroup = 9FD3CF342176699C00672BBE;
			productRefGroup = 9FD3CF3E2176699C00672BBE /* Products */;
			projectDirPath = "";
			projectRoot = "";
			targets = (
				9FD3CF3C2176699C00672BBE /* SampleCode */,
				9FD3CF502176699D00672BBE /* SampleCodeTests */,
			);
		};
/* End PBXProject section */

/* Begin PBXResourcesBuildPhase section */
		9FD3CF3B2176699C00672BBE /* Resources */ = {
			isa = PBXResourcesBuildPhase;
			buildActionMask = 2147483647;
			files = (
				9FD3CF4B2176699D00672BBE /* LaunchScreen.storyboard in Resources */,
				9FD3CF482176699D00672BBE /* Assets.xcassets in Resources */,
				9FD3CF462176699C00672BBE /* Main.storyboard in Resources */,
			);
			runOnlyForDeploymentPostprocessing = 0;
		};
		9FD3CF4F2176699D00672BBE /* Resources */ = {
			isa = PBXResourcesBuildPhase;
			buildActionMask = 2147483647;
			files = (
			);
			runOnlyForDeploymentPostprocessing = 0;
		};
/* End PBXResourcesBuildPhase section */

/* Begin PBXSourcesBuildPhase section */
		9FD3CF392176699C00672BBE /* Sources */ = {
			isa = PBXSourcesBuildPhase;
			buildActionMask = 2147483647;
			files = (
				9FD3CF432176699C00672BBE /* ViewController.swift in Sources */,
				9FD3CF412176699C00672BBE /* AppDelegate.swift in Sources */,
			);
			runOnlyForDeploymentPostprocessing = 0;
		};
		9FD3CF4D2176699D00672BBE /* Sources */ = {
			isa = PBXSourcesBuildPhase;
			buildActionMask = 2147483647;
			files = (
				9FD3CF562176699D00672BBE /* SampleCodeTests.swift in Sources */,
			);
			runOnlyForDeploymentPostprocessing = 0;
		};
/* End PBXSourcesBuildPhase section */

/* Begin PBXTargetDependency section */
		9FD3CF532176699D00672BBE /* PBXTargetDependency */ = {
			isa = PBXTargetDependency;
			target = 9FD3CF3C2176699C00672BBE /* SampleCode */;
			targetProxy = 9FD3CF522176699D00672BBE /* PBXContainerItemProxy */;
		};
/* End PBXTargetDependency section */

/* Begin PBXVariantGroup section */
		9FD3CF442176699C00672BBE /* Main.storyboard */ = {
			isa = PBXVariantGroup;
			children = (
				9FD3CF452176699C00672BBE /* Base */,
			);
			name = Main.storyboard;
			sourceTree = "<group>";
		};
		9FD3CF492176699D00672BBE /* LaunchScreen.storyboard */ = {
			isa = PBXVariantGroup;
			children = (
				9FD3CF4A2176699D00672BBE /* Base */,
			);
			name = LaunchScreen.storyboard;
			sourceTree = "<group>";
		};
/* End PBXVariantGroup section */

/* Begin XCBuildConfiguration section */
		9FD3CF582176699D00672BBE /* Debug */ = {
			isa = XCBuildConfiguration;
			buildSettings = {
				ALWAYS_SEARCH_USER_PATHS = NO;
				CLANG_ANALYZER_NONNULL = YES;
				CLANG_ANALYZER_NUMBER_OBJECT_CONVERSION = YES_AGGRESSIVE;
				CLANG_CXX_LANGUAGE_STANDARD = "gnu++14";
				CLANG_CXX_LIBRARY = "libc++";
				CLANG_ENABLE_MODULES = YES;
				CLANG_ENABLE_OBJC_ARC = YES;
				CLANG_ENABLE_OBJC_WEAK = YES;
				CLANG_WARN_BLOCK_CAPTURE_AUTORELEASING = YES;
				CLANG_WARN_BOOL_CONVERSION = YES;
				CLANG_WARN_COMMA = YES;
				CLANG_WARN_CONSTANT_CONVERSION = YES;
				CLANG_WARN_DEPRECATED_OBJC_IMPLEMENTATIONS = YES;
				CLANG_WARN_DIRECT_OBJC_ISA_USAGE = YES_ERROR;
				CLANG_WARN_DOCUMENTATION_COMMENTS = YES;
				CLANG_WARN_EMPTY_BODY = YES;
				CLANG_WARN_ENUM_CONVERSION = YES;
				CLANG_WARN_INFINITE_RECURSION = YES;
				CLANG_WARN_INT_CONVERSION = YES;
				CLANG_WARN_NON_LITERAL_NULL_CONVERSION = YES;
				CLANG_WARN_OBJC_IMPLICIT_RETAIN_SELF = YES;
				CLANG_WARN_OBJC_LITERAL_CONVERSION = YES;
				CLANG_WARN_OBJC_ROOT_CLASS = YES_ERROR;
				CLANG_WARN_RANGE_LOOP_ANALYSIS = YES;
				CLANG_WARN_STRICT_PROTOTYPES = YES;
				CLANG_WARN_SUSPICIOUS_MOVE = YES;
				CLANG_WARN_UNGUARDED_AVAILABILITY = YES_AGGRESSIVE;
				CLANG_WARN_UNREACHABLE_CODE = YES;
				CLANG_WARN__DUPLICATE_METHOD_MATCH = YES;
				CODE_SIGN_IDENTITY = "iPhone Developer";
				COPY_PHASE_STRIP = NO;
				DEBUG_INFORMATION_FORMAT = dwarf;
				ENABLE_STRICT_OBJC_MSGSEND = YES;
				ENABLE_TESTABILITY = YES;
				GCC_C_LANGUAGE_STANDARD = gnu11;
				GCC_DYNAMIC_NO_PIC = NO;
				GCC_NO_COMMON_BLOCKS = YES;
				GCC_OPTIMIZATION_LEVEL = 0;
				GCC_PREPROCESSOR_DEFINITIONS = (
					"DEBUG=1",
					"$(inherited)",
				);
				GCC_WARN_64_TO_32_BIT_CONVERSION = YES;
				GCC_WARN_ABOUT_RETURN_TYPE = YES_ERROR;
				GCC_WARN_UNDECLARED_SELECTOR = YES;
				GCC_WARN_UNINITIALIZED_AUTOS = YES_AGGRESSIVE;
				GCC_WARN_UNUSED_FUNCTION = YES;
				GCC_WARN_UNUSED_VARIABLE = YES;
				IPHONEOS_DEPLOYMENT_TARGET = 11.4;
				MTL_ENABLE_DEBUG_INFO = YES;
				ONLY_ACTIVE_ARCH = YES;
				SDKROOT = iphoneos;
				SWIFT_ACTIVE_COMPILATION_CONDITIONS = DEBUG;
				SWIFT_OPTIMIZATION_LEVEL = "-Onone";
			};
			name = Debug;
		};
		9FD3CF592176699D00672BBE /* Release */ = {
			isa = XCBuildConfiguration;
			buildSettings = {
				ALWAYS_SEARCH_USER_PATHS = NO;
				CLANG_ANALYZER_NONNULL = YES;
				CLANG_ANALYZER_NUMBER_OBJECT_CONVERSION = YES_AGGRESSIVE;
				CLANG_CXX_LANGUAGE_STANDARD = "gnu++14";
				CLANG_CXX_LIBRARY = "libc++";
				CLANG_ENABLE_MODULES = YES;
				CLANG_ENABLE_OBJC_ARC = YES;
				CLANG_ENABLE_OBJC_WEAK = YES;
				CLANG_WARN_BLOCK_CAPTURE_AUTORELEASING = YES;
				CLANG_WARN_BOOL_CONVERSION = YES;
				CLANG_WARN_COMMA = YES;
				CLANG_WARN_CONSTANT_CONVERSION = YES;
				CLANG_WARN_DEPRECATED_OBJC_IMPLEMENTATIONS = YES;
				CLANG_WARN_DIRECT_OBJC_ISA_USAGE = YES_ERROR;
				CLANG_WARN_DOCUMENTATION_COMMENTS = YES;
				CLANG_WARN_EMPTY_BODY = YES;
				CLANG_WARN_ENUM_CONVERSION = YES;
				CLANG_WARN_INFINITE_RECURSION = YES;
				CLANG_WARN_INT_CONVERSION = YES;
				CLANG_WARN_NON_LITERAL_NULL_CONVERSION = YES;
				CLANG_WARN_OBJC_IMPLICIT_RETAIN_SELF = YES;
				CLANG_WARN_OBJC_LITERAL_CONVERSION = YES;
				CLANG_WARN_OBJC_ROOT_CLASS = YES_ERROR;
				CLANG_WARN_RANGE_LOOP_ANALYSIS = YES;
				CLANG_WARN_STRICT_PROTOTYPES = YES;
				CLANG_WARN_SUSPICIOUS_MOVE = YES;
				CLANG_WARN_UNGUARDED_AVAILABILITY = YES_AGGRESSIVE;
				CLANG_WARN_UNREACHABLE_CODE = YES;
				CLANG_WARN__DUPLICATE_METHOD_MATCH = YES;
				CODE_SIGN_IDENTITY = "iPhone Developer";
				COPY_PHASE_STRIP = NO;
				DEBUG_INFORMATION_FORMAT = "dwarf-with-dsym";
				ENABLE_NS_ASSERTIONS = NO;
				ENABLE_STRICT_OBJC_MSGSEND = YES;
				GCC_C_LANGUAGE_STANDARD = gnu11;
				GCC_NO_COMMON_BLOCKS = YES;
				GCC_WARN_64_TO_32_BIT_CONVERSION = YES;
				GCC_WARN_ABOUT_RETURN_TYPE = YES_ERROR;
				GCC_WARN_UNDECLARED_SELECTOR = YES;
				GCC_WARN_UNINITIALIZED_AUTOS = YES_AGGRESSIVE;
				GCC_WARN_UNUSED_FUNCTION = YES;
				GCC_WARN_UNUSED_VARIABLE = YES;
				IPHONEOS_DEPLOYMENT_TARGET = 11.4;
				MTL_ENABLE_DEBUG_INFO = NO;
				SDKROOT = iphoneos;
				SWIFT_COMPILATION_MODE = wholemodule;
				SWIFT_OPTIMIZATION_LEVEL = "-O";
				VALIDATE_PRODUCT = YES;
			};
			name = Release;
		};
		9FD3CF5B2176699D00672BBE /* Debug */ = {
			isa = XCBuildConfiguration;
			buildSettings = {
				ASSETCATALOG_COMPILER_APPICON_NAME = AppIcon;
				CODE_SIGN_STYLE = Automatic;
				INFOPLIST_FILE = SampleCode/Info.plist;
				LD_RUNPATH_SEARCH_PATHS = (
					"$(inherited)",
					"@executable_path/Frameworks",
				);
				PRODUCT_BUNDLE_IDENTIFIER = com.hasan.SampleCode;
				PRODUCT_NAME = "$(TARGET_NAME)";
				SWIFT_VERSION = 4.0;
				TARGETED_DEVICE_FAMILY = "1,2";
			};
			name = Debug;
		};
		9FD3CF5C2176699D00672BBE /* Release */ = {
			isa = XCBuildConfiguration;
			buildSettings = {
				ASSETCATALOG_COMPILER_APPICON_NAME = AppIcon;
				CODE_SIGN_STYLE = Automatic;
				INFOPLIST_FILE = SampleCode/Info.plist;
				LD_RUNPATH_SEARCH_PATHS = (
					"$(inherited)",
					"@executable_path/Frameworks",
				);
				PRODUCT_BUNDLE_IDENTIFIER = com.hasan.SampleCode;
				PRODUCT_NAME = "$(TARGET_NAME)";
				SWIFT_VERSION = 4.0;
				TARGETED_DEVICE_FAMILY = "1,2";
			};
			name = Release;
		};
		9FD3CF5E2176699D00672BBE /* Debug */ = {
			isa = XCBuildConfiguration;
			buildSettings = {
				ALWAYS_EMBED_SWIFT_STANDARD_LIBRARIES = YES;
				BUNDLE_LOADER = "$(TEST_HOST)";
				CODE_SIGN_STYLE = Automatic;
				INFOPLIST_FILE = SampleCodeTests/Info.plist;
				LD_RUNPATH_SEARCH_PATHS = (
					"$(inherited)",
					"@executable_path/Frameworks",
					"@loader_path/Frameworks",
				);
				PRODUCT_BUNDLE_IDENTIFIER = com.hasan.SampleCodeTests;
				PRODUCT_NAME = "$(TARGET_NAME)";
				SWIFT_VERSION = 4.0;
				TARGETED_DEVICE_FAMILY = "1,2";
				TEST_HOST = "$(BUILT_PRODUCTS_DIR)/SampleCode.app/SampleCode";
			};
			name = Debug;
		};
		9FD3CF5F2176699D00672BBE /* Release */ = {
			isa = XCBuildConfiguration;
			buildSettings = {
				ALWAYS_EMBED_SWIFT_STANDARD_LIBRARIES = YES;
				BUNDLE_LOADER = "$(TEST_HOST)";
				CODE_SIGN_STYLE = Automatic;
				INFOPLIST_FILE = SampleCodeTests/Info.plist;
				LD_RUNPATH_SEARCH_PATHS = (
					"$(inherited)",
					"@executable_path/Frameworks",
					"@loader_path/Frameworks",
				);
				PRODUCT_BUNDLE_IDENTIFIER = com.hasan.SampleCodeTests;
				PRODUCT_NAME = "$(TARGET_NAME)";
				SWIFT_VERSION = 4.0;
				TARGETED_DEVICE_FAMILY = "1,2";
				TEST_HOST = "$(BUILT_PRODUCTS_DIR)/SampleCode.app/SampleCode";
			};
			name = Release;
		};
/* End XCBuildConfiguration section */

/* Begin XCConfigurationList section */
		9FD3CF382176699C00672BBE /* Build configuration list for PBXProject "SampleCode" */ = {
			isa = XCConfigurationList;
			buildConfigurations = (
				9FD3CF582176699D00672BBE /* Debug */,
				9FD3CF592176699D00672BBE /* Release */,
			);
			defaultConfigurationIsVisible = 0;
			defaultConfigurationName = Release;
		};
		9FD3CF5A2176699D00672BBE /* Build configuration list for PBXNativeTarget "SampleCode" */ = {
			isa = XCConfigurationList;
			buildConfigurations = (
				9FD3CF5B2176699D00672BBE /* Debug */,
				9FD3CF5C2176699D00672BBE /* Release */,
			);
			defaultConfigurationIsVisible = 0;
			defaultConfigurationName = Release;
		};
		9FD3CF5D2176699D00672BBE /* Build configuration list for PBXNativeTarget "SampleCodeTests" */ = {
			isa = XCConfigurationList;
			buildConfigurations = (
				9FD3CF5E2176699D00672BBE /* Debug */,
				9FD3CF5F2176699D00672BBE /* Release */,
			);
			defaultConfigurationIsVisible = 0;
			defaultConfigurationName = Release;
		};
/* End XCConfigurationList section */
	};
	rootObject = 9FD3CF352176699C00672BBE /* Project object */;
}
